
Microsoft Visual Studio Solution File, Format Version 12.00
# Visual Studio Version 17
VisualStudioVersion = 17.4.33213.308
MinimumVisualStudioVersion = 10.0.40219.1
Project("{FAE04EC0-301F-11D3-BF4B-00C04F79EFBC}") = "Business", "Business\Business.csproj", "{DE1E3E13-98ED-4446-A971-482C783B3FE5}"
EndProject
Project("{FAE04EC0-301F-11D3-BF4B-00C04F79EFBC}") = "Entities", "Entities\Entities.csproj", "{EC930EE3-C6C0-4CA9-86BC-0A7DA05D15F6}"
EndProject
Project("{FAE04EC0-301F-11D3-BF4B-00C04F79EFBC}") = "DataAccess", "DataAccess\DataAccess.csproj", "{9902ED31-F781-49CF-9A26-3500A5CB6CF5}"
EndProject
Project("{FAE04EC0-301F-11D3-BF4B-00C04F79EFBC}") = "Core", "Core\Core.csproj", "{1EAD3CB5-9EC9-4A62-8604-C418378A4043}"
EndProject
Project("{FAE04EC0-301F-11D3-BF4B-00C04F79EFBC}") = "WebAPI", "WebAPI\WebAPI.csproj", "{7B65DAC2-BBA8-43A3-A7F6-070D3C609B9E}"
EndProject
Global
	GlobalSection(SolutionConfigurationPlatforms) = preSolution
		Debug|Any CPU = Debug|Any CPU
		Release|Any CPU = Release|Any CPU
	EndGlobalSection
	GlobalSection(ProjectConfigurationPlatforms) = postSolution
		{DE1E3E13-98ED-4446-A971-482C783B3FE5}.Debug|Any CPU.ActiveCfg = Debug|Any CPU
		{DE1E3E13-98ED-4446-A971-482C783B3FE5}.Debug|Any CPU.Build.0 = Debug|Any CPU
		{DE1E3E13-98ED-4446-A971-482C783B3FE5}.Release|Any CPU.ActiveCfg = Release|Any CPU
		{DE1E3E13-98ED-4446-A971-482C783B3FE5}.Release|Any CPU.Build.0 = Release|Any CPU
		{EC930EE3-C6C0-4CA9-86BC-0A7DA05D15F6}.Debug|Any CPU.ActiveCfg = Debug|Any CPU
		{EC930EE3-C6C0-4CA9-86BC-0A7DA05D15F6}.Debug|Any CPU.Build.0 = Debug|Any CPU
		{EC930EE3-C6C0-4CA9-86BC-0A7DA05D15F6}.Release|Any CPU.ActiveCfg = Release|Any CPU
		{EC930EE3-C6C0-4CA9-86BC-0A7DA05D15F6}.Release|Any CPU.Build.0 = Release|Any CPU
		{9902ED31-F781-49CF-9A26-3500A5CB6CF5}.Debug|Any CPU.ActiveCfg = Debug|Any CPU
		{9902ED31-F781-49CF-9A26-3500A5CB6CF5}.Debug|Any CPU.Build.0 = Debug|Any CPU
		{9902ED31-F781-49CF-9A26-3500A5CB6CF5}.Release|Any CPU.ActiveCfg = Release|Any CPU
		{9902ED31-F781-49CF-9A26-3500A5CB6CF5}.Release|Any CPU.Build.0 = Release|Any CPU
		{1EAD3CB5-9EC9-4A62-8604-C418378A4043}.Debug|Any CPU.ActiveCfg = Debug|Any CPU
		{1EAD3CB5-9EC9-4A62-8604-C418378A4043}.Debug|Any CPU.Build.0 = Debug|Any CPU
		{1EAD3CB5-9EC9-4A62-8604-C418378A4043}.Release|Any CPU.ActiveCfg = Release|Any CPU
		{1EAD3CB5-9EC9-4A62-8604-C418378A4043}.Release|Any CPU.Build.0 = Release|Any CPU
		{7B65DAC2-BBA8-43A3-A7F6-070D3C609B9E}.Debug|Any CPU.ActiveCfg = Debug|Any CPU
		{7B65DAC2-BBA8-43A3-A7F6-070D3C609B9E}.Debug|Any CPU.Build.0 = Debug|Any CPU
		{7B65DAC2-BBA8-43A3-A7F6-070D3C609B9E}.Release|Any CPU.ActiveCfg = Release|Any CPU
		{7B65DAC2-BBA8-43A3-A7F6-070D3C609B9E}.Release|Any CPU.Build.0 = Release|Any CPU
	EndGlobalSection
	GlobalSection(SolutionProperties) = preSolution
		HideSolutionNode = FALSE
	EndGlobalSection
	GlobalSection(ExtensibilityGlobals) = postSolution
		SolutionGuid = {9CB829B1-F612-44EE-921B-6F97E9671D7C}
	EndGlobalSection
EndGlobal
